{
  "name": "capacitor-app",
  "version": "1.0.0",
  "lockfileVersion": 3,
  "requires": true,
  "packages": {
    "": {
      "name": "capacitor-app",
      "version": "1.0.0",
      "license": "ISC",
      "dependencies": {
        "@capacitor/android": "^8.1.0",
        "@capacitor/core": "^8.1.0",
        "@capacitor/haptics": "^8.0.0",
        "@capacitor/ios": "^8.1.0",
        "@capacitor/network": "^8.0.1",
        "@ionic-native/camera": "^5.36.0",
        "cordova-plugin-bluetooth-serial": "^0.4.7",
        "cordova-plugin-camera": "^8.0.0"
      },
      "devDependencies": {
        "typescript": "^5.9.3"
      }
    },
    "node_modules/@capacitor/android": {
      "version": "8.1.0",
      "resolved": "https://registry.npmjs.org/@capacitor/android/-/android-8.1.0.tgz",
      "integrity": "sha512-z0acTPxj5DCy/U2FU7w+GA93oC+wdyKnsOcRg5rutDmSYa8Do1tzYqApKgf+hnuTNPbtrCTHp0Zy1cLiK/4MEw==",
      "license": "MIT",
      "peerDependencies": {
        "@capacitor/core": "^8.1.0"
      }
    },
    "node_modules/@capacitor/core": {
      "version": "8.1.0",
      "resolved": "https://registry.npmjs.org/@capacitor/core/-/core-8.1.0.tgz",
      "integrity": "sha512-UfMBMWc1v7J+14AhH03QmeNwV3HZx3qnOWhpwnHfzALEwAwlV/itQOQqcasMQYhOHWL0tiymc5ByaLTn7KKQxw==",
      "license": "MIT",
      "dependencies": {
        "tslib": "^2.1.0"
      }
    },
    "node_modules/@capacitor/haptics": {
      "version": "8.0.0",
      "resolved": "https://registry.npmjs.org/@capacitor/haptics/-/haptics-8.0.0.tgz",
      "integrity": "sha512-DY1IUOjke1T4ITl7mFHQIKCaJJyHYAYRYHG9bVApU7PDOZiMVGMp48Yjzdqjya+wv/AHS5mDabSTUmhJ5uDvBA==",
      "license": "MIT",
      "peerDependencies": {
        "@capacitor/core": ">=8.0.0"
      }
    },
    "node_modules/@capacitor/ios": {
      "version": "8.1.0",
      "resolved": "https://registry.npmjs.org/@capacitor/ios/-/ios-8.1.0.tgz",
      "integrity": "sha512-wPaQ8ayL0UY+SxydZbrmfzPs8TryZVEB6hrL/XBnXxQtb6rpEmIy/3GIltPwM+/T4m/IuaSDZOToWK65ruC00g==",
      "license": "MIT",
      "peerDependencies": {
        "@capacitor/core": "^8.1.0"
      }
    },
    "node_modules/@capacitor/network": {
      "version": "8.0.1",
      "resolved": "https://registry.npmjs.org/@capacitor/network/-/network-8.0.1.tgz",
      "integrity": "sha512-9xK/FHFmzKGanB6BdoSZOzXk8vF0OFVQSQ4PAsIrzAzLuXHryO317qy8dcHVpgxYeuZq2noI0My9z1DvVDi/9w==",
      "license": "MIT",
      "peerDependencies": {
        "@capacitor/core": ">=8.0.0"
      }
    },
    "node_modules/@ionic-native/camera": {
      "version": "5.36.0",
      "resolved": "https://registry.npmjs.org/@ionic-native/camera/-/camera-5.36.0.tgz",
      "integrity": "sha512-68hdPn0hA7yn4YNTgmLF32x/l7arFulboGhNiyFQ35/QxqrOmppf77p4xaPOyJtNyICKHLaiStC6w1eEAtl9MA==",
      "license": "MIT",
      "dependencies": {
        "@types/cordova": "latest"
      },
      "peerDependencies": {
        "@ionic-native/core": "^5.1.0",
        "rxjs": "^5.5.0 || ^6.5.0"
      }
    },
    "node_modules/@ionic-native/core": {
      "version": "5.36.0",
      "resolved": "https://registry.npmjs.org/@ionic-native/core/-/core-5.36.0.tgz",
      "integrity": "sha512-lOrkktadlKYbYf1LrDyAtsu1JnQ0oCCdkOU7iHQ8oXnNOkMwobFfD2m62F1CoOr0u9LIkpYnZSPjng8lZbmbNw==",
      "license": "MIT",
      "peer": true,
      "dependencies": {
        "@types/cordova": "latest"
      },
      "peerDependencies": {
        "rxjs": "^5.5.0 || ^6.5.0"
      }
    },
    "node_modules/@types/cordova": {
      "version": "11.0.3",
      "resolved": "https://registry.npmjs.org/@types/cordova/-/cordova-11.0.3.tgz",
      "integrity": "sha512-kyuRQ40/NWQVhqGIHq78Ehu2Bf9Mlg0LhmSmis6ZFJK7z933FRfYi8tHe/k/0fB+PGfCf95rJC6TO7dopaFvAg==",
      "license": "MIT"
    },
    "node_modules/cordova-plugin-bluetooth-serial": {
      "version": "0.4.7",
      "resolved": "https://registry.npmjs.org/cordova-plugin-bluetooth-serial/-/cordova-plugin-bluetooth-serial-0.4.7.tgz",
      "integrity": "sha512-Z62yZwl77CNoTLW3SwLvvvjPGq+sA1LBsSpuvdC3LePICiJHzFu2Zi5CtGSkjmkj+qOrgHoawOeXVgjN3LrPag==",
      "license": "Apache-2.0"
    },
    "node_modules/cordova-plugin-camera": {
      "version": "8.0.0",
      "resolved": "https://registry.npmjs.org/cordova-plugin-camera/-/cordova-plugin-camera-8.0.0.tgz",
      "integrity": "sha512-8HgUd9AQTmLBdSgBS/sbPWaroVPjFmce2Rglwt9CTSpniFFGSOqGRx5URUdJ3tQiREisgy0R/4Zl+BfVv/gT2w==",
      "license": "Apache-2.0",
      "engines": {
        "cordovaDependencies": {
          "3.0.0": {
            "cordova-android": ">=6.3.0"
          },
          "4.1.0": {
            "cordova": ">=7.1.0",
            "cordova-android": ">=6.3.0"
          },
          "5.0.0": {
            "cordova": ">=9.0.0",
            "cordova-android": ">=9.0.0",
            "cordova-ios": ">=5.1.0"
          },
          "5.0.4-dev": {
            "cordova": ">=9.0.0",
            "cordova-android": "<10.0.0",
            "cordova-ios": ">=5.1.0"
          },
          "6.0.0": {
            "cordova": ">=9.0.0",
            "cordova-android": ">=10.0.0",
            "cordova-ios": ">=5.1.0"
          },
          "7.0.0": {
            "cordova": ">=9.0.0",
            "cordova-android": ">=12.0.0",
            "cordova-ios": ">=5.1.0"
          },
          "8.0.0": {
            "cordova": ">=9.0.0",
            "cordova-android": ">=12.0.0",
            "cordova-ios": ">=5.1.0"
          },
          "9.0.0": {
            "cordova": ">100"
          }
        }
      }
    },
    "node_modules/rxjs": {
      "version": "6.6.7",
      "resolved": "https://registry.npmjs.org/rxjs/-/rxjs-6.6.7.tgz",
      "integrity": "sha512-hTdwr+7yYNIT5n4AMYp85KA6yw2Va0FLa3Rguvbpa4W3I5xynaBZo41cM3XM+4Q6fRMj3sBYIR1VAmZMXYJvRQ==",
      "license": "Apache-2.0",
      "peer": true,
      "dependencies": {
        "tslib": "^1.9.0"
      },
      "engines": {
        "npm": ">=2.0.0"
      }
    },
    "node_modules/rxjs/node_modules/tslib": {
      "version": "1.14.1",
      "resolved": "https://registry.npmjs.org/tslib/-/tslib-1.14.1.tgz",
      "integrity": "sha512-Xni35NKzjgMrwevysHTCArtLDpPvye8zV/0E4EyYn43P7/7qvQwPh9BGkHewbMulVntbigmcT7rdX3BNo9wRJg==",
      "license": "0BSD",
      "peer": true
    },
    "node_modules/tslib": {
      "version": "2.8.1",
      "resolved": "https://registry.npmjs.org/tslib/-/tslib-2.8.1.tgz",
      "integrity": "sha512-oJFu94HQb+KVduSUQL7wnpmqnfmLsOA/nAh6b6EH0wCEoK0/mPeXU6c3wKDV83MkOuHPRHtSXKKU99IBazS/2w==",
      "license": "0BSD"
    },
    "node_modules/typescript": {
      "version": "5.9.3",
      "resolved": "https://registry.npmjs.org/typescript/-/typescript-5.9.3.tgz",
      "integrity": "sha512-jl1vZzPDinLr9eUt3J/t7V6FgNEw9QjvBPdysz9KfQDD41fQrC2Y4vKQdiaUpFT4bXlb1RHhLpp8wtm6M5TgSw==",
      "dev": true,
      "license": "Apache-2.0",
      "bin": {
        "tsc": "bin/tsc",
        "tsserver": "bin/tsserver"
      },
      "engines": {
        "node": ">=14.17"
      }
    }
  }
}
